{
    "_readme": [
        "This file locks the dependencies of your project to a known state",
        "Read more about it at https://getcomposer.org/doc/01-basic-usage.md#installing-dependencies",
        "This file is @generated automatically"
    ],
    "content-hash": "d74cfe9270f4b65b250c74dd84d45b57",
    "packages": [
        {
            "name": "colinmollenhour/credis",
            "version": "v1.12.1",
            "source": {
                "type": "git",
                "url": "https://github.com/colinmollenhour/credis.git",
                "reference": "c27faa11724229986335c23f4b6d0f1d8d6547fb"
            },
            "dist": {
                "type": "zip",
                "url": "https://api.github.com/repos/colinmollenhour/credis/zipball/c27faa11724229986335c23f4b6d0f1d8d6547fb",
                "reference": "c27faa11724229986335c23f4b6d0f1d8d6547fb",
                "shasum": ""
            },
            "require": {
                "php": ">=5.4.0"
            },
            "type": "library",
            "autoload": {
                "classmap": [
                    "Client.php",
                    "Cluster.php",
                    "Sentinel.php",
                    "Module.php"
                ]
            },
            "notification-url": "https://packagist.org/downloads/",
            "license": [
                "MIT"
            ],
            "authors": [
                {
                    "name": "Colin Mollenhour",
                    "email": "colin@mollenhour.com"
                }
            ],
            "description": "Credis is a lightweight interface to the Redis key-value store which wraps the phpredis library when available for better performance.",
            "homepage": "https://github.com/colinmollenhour/credis",
            "time": "2020-11-06T16:09:14+00:00"
        },
        {
            "name": "psr/log",
            "version": "1.1.4",
            "source": {
                "type": "git",
                "url": "https://github.com/php-fig/log.git",
                "reference": "d49695b909c3b7628b6289db5479a1c204601f11"
            },
            "dist": {
                "type": "zip",
                "url": "https://api.github.com/repos/php-fig/log/zipball/d49695b909c3b7628b6289db5479a1c204601f11",
                "reference": "d49695b909c3b7628b6289db5479a1c204601f11",
                "shasum": ""
            },
            "require": {
                "php": ">=5.3.0"
            },
            "type": "library",
            "extra": {
                "branch-alias": {
                    "dev-master": "1.1.x-dev"
                }
            },
            "autoload": {
                "psr-4": {
                    "Psr\\Log\\": "Psr/Log/"
                }
            },
            "notification-url": "https://packagist.org/downloads/",
            "license": [
                "MIT"
            ],
            "authors": [
                {
                    "name": "PHP-FIG",
                    "homepage": "https://www.php-fig.org/"
                }
            ],
            "description": "Common interface for logging libraries",
            "homepage": "https://github.com/php-fig/log",
            "keywords": [
                "log",
                "psr",
                "psr-3"
            ],
            "time": "2021-05-03T11:20:27+00:00"
        },
        {
            "name": "resque/php-resque",
            "version": "dev-master",
            "source": {
                "type": "git",
                "url": "https://github.com/resque/php-resque.git",
                "reference": "7b791b5e91b7aee45d1e68f4dffefa1a4d72501e"
            },
            "dist": {
                "type": "zip",
                "url": "https://api.github.com/repos/resque/php-resque/zipball/7b791b5e91b7aee45d1e68f4dffefa1a4d72501e",
                "reference": "7b791b5e91b7aee45d1e68f4dffefa1a4d72501e",
                "shasum": ""
            },
            "require": {
                "colinmollenhour/credis": "~1.7",
                "php": ">=5.6.0",
                "psr/log": "~1.0"
            },
            "require-dev": {
                "phpunit/phpunit": "^5.7"
            },
            "suggest": {
                "ext-pcntl": "REQUIRED for forking processes on platforms that support it (so anything but Windows).",
                "ext-proctitle": "Allows php-resque to rename the title of UNIX processes to show the status of a worker.",
                "ext-redis": "Native PHP extension for Redis connectivity. Credis will automatically utilize when available."
            },
            "bin": [
                "bin/resque",
                "bin/resque-scheduler"
            ],
            "type": "library",
            "extra": {
                "branch-alias": {
                    "dev-master": "1.0-dev"
                }
            },
            "autoload": {
                "psr-0": {
                    "Resque": "lib",
                    "ResqueScheduler": "lib"
                }
            },
            "notification-url": "https://packagist.org/downloads/",
            "license": [
                "MIT"
            ],
            "authors": [
                {
                    "name": "Dan Hunsaker",
                    "email": "danhunsaker+resque@gmail.com",
                    "role": "Maintainer"
                },
                {
                    "name": "Rajib Ahmed",
                    "homepage": "https://github.com/rajibahmed",
                    "role": "Maintainer"
                },
                {
                    "name": "Steve Klabnik",
                    "email": "steve@steveklabnik.com",
                    "role": "Maintainer"
                },
                {
                    "name": "Chris Boulton",
                    "email": "chris@bigcommerce.com",
                    "role": "Creator"
                }
            ],
            "description": "Redis backed library for creating background jobs and processing them later. Based on resque for Ruby.",
            "homepage": "http://www.github.com/resque/php-resque/",
            "keywords": [
                "background",
                "job",
                "redis",
                "resque"
            ],
            "time": "2021-07-03T16:05:59+00:00"
        }
    ],
    "packages-dev": [],
    "aliases": [],
    "minimum-stability": "stable",
    "stability-flags": {
        "resque/php-resque": 20
    },
    "prefer-stable": false,
    "prefer-lowest": false,
    "platform": [],
    "platform-dev": []
}
